
Microsoft Visual Studio Solution File, Format Version 12.00
# Visual Studio Version 17
VisualStudioVersion = 17.14.36603.0 d17.14
MinimumVisualStudioVersion = 10.0.40219.1
Project("{FAE04EC0-301F-11D3-BF4B-00C04F79EFBC}") = "ProyectoFinal", "ProyectoFinal\ProyectoFinal.csproj", "{2F9ED72E-014A-41E8-9265-77CAD8F90003}"
EndProject
Global
	GlobalSection(SolutionConfigurationPlatforms) = preSolution
		Debug|Any CPU = Debug|Any CPU
		Release|Any CPU = Release|Any CPU
	EndGlobalSection
	GlobalSection(ProjectConfigurationPlatforms) = postSolution
		{2F9ED72E-014A-41E8-9265-77CAD8F90003}.Debug|Any CPU.ActiveCfg = Debug|Any CPU
		{2F9ED72E-014A-41E8-9265-77CAD8F90003}.Debug|Any CPU.Build.0 = Debug|Any CPU
		{2F9ED72E-014A-41E8-9265-77CAD8F90003}.Release|Any CPU.ActiveCfg = Release|Any CPU
		{2F9ED72E-014A-41E8-9265-77CAD8F90003}.Release|Any CPU.Build.0 = Release|Any CPU
	EndGlobalSection
	GlobalSection(SolutionProperties) = preSolution
		HideSolutionNode = FALSE
	EndGlobalSection
	GlobalSection(ExtensibilityGlobals) = postSolution
		SolutionGuid = {9ECC2C69-2DBB-442E-B63D-8490340422B9}
	EndGlobalSection
EndGlobal
